
Microsoft Visual Studio Solution File, Format Version 12.00
# Visual Studio Version 17
VisualStudioVersion = 17.2.32516.85
MinimumVisualStudioVersion = 10.0.40219.1
Project("{2150E333-8FDC-42A3-9474-1A3956D46DE8}") = "FrontEnd", "FrontEnd", "{6C40BD36-50C4-44C2-A010-34BA5F01C753}"
EndProject
Project("{FAE04EC0-301F-11D3-BF4B-00C04F79EFBC}") = "Resturant.Web", "Resturant.Web\Resturant.Web.csproj", "{3FB046D1-C804-42B9-8FFE-9FCAFA3D284F}"
EndProject
Global
	GlobalSection(SolutionConfigurationPlatforms) = preSolution
		Debug|Any CPU = Debug|Any CPU
		Release|Any CPU = Release|Any CPU
	EndGlobalSection
	GlobalSection(ProjectConfigurationPlatforms) = postSolution
		{3FB046D1-C804-42B9-8FFE-9FCAFA3D284F}.Debug|Any CPU.ActiveCfg = Debug|Any CPU
		{3FB046D1-C804-42B9-8FFE-9FCAFA3D284F}.Debug|Any CPU.Build.0 = Debug|Any CPU
		{3FB046D1-C804-42B9-8FFE-9FCAFA3D284F}.Release|Any CPU.ActiveCfg = Release|Any CPU
		{3FB046D1-C804-42B9-8FFE-9FCAFA3D284F}.Release|Any CPU.Build.0 = Release|Any CPU
	EndGlobalSection
	GlobalSection(SolutionProperties) = preSolution
		HideSolutionNode = FALSE
	EndGlobalSection
	GlobalSection(NestedProjects) = preSolution
		{3FB046D1-C804-42B9-8FFE-9FCAFA3D284F} = {6C40BD36-50C4-44C2-A010-34BA5F01C753}
	EndGlobalSection
	GlobalSection(ExtensibilityGlobals) = postSolution
		SolutionGuid = {BF4BDC92-B62A-4377-9409-BB6B8C030AFB}
	EndGlobalSection
EndGlobal
